
Microsoft Visual Studio Solution File, Format Version 12.00
# Visual Studio Version 16
VisualStudioVersion = 16.0.29613.14
MinimumVisualStudioVersion = 10.0.40219.1
Project("{FAE04EC0-301F-11D3-BF4B-00C04F79EFBC}") = "MangaUpdater", "MangaUpdater.csproj", "{39F2B164-ABB5-4D5E-8A91-66272970DE7E}"
EndProject
Global
	GlobalSection(SolutionConfigurationPlatforms) = preSolution
		Debug|Any CPU = Debug|Any CPU
		Release|Any CPU = Release|Any CPU
	EndGlobalSection
	GlobalSection(ProjectConfigurationPlatforms) = postSolution
		{39F2B164-ABB5-4D5E-8A91-66272970DE7E}.Debug|Any CPU.ActiveCfg = Debug|Any CPU
		{39F2B164-ABB5-4D5E-8A91-66272970DE7E}.Debug|Any CPU.Build.0 = Debug|Any CPU
		{39F2B164-ABB5-4D5E-8A91-66272970DE7E}.Release|Any CPU.ActiveCfg = Release|Any CPU
		{39F2B164-ABB5-4D5E-8A91-66272970DE7E}.Release|Any CPU.Build.0 = Release|Any CPU
	EndGlobalSection
	GlobalSection(SolutionProperties) = preSolution
		HideSolutionNode = FALSE
	EndGlobalSection
	GlobalSection(ExtensibilityGlobals) = postSolution
		SolutionGuid = {9FA78DAA-44AF-4B55-857D-4D1D8F3566F9}
	EndGlobalSection
EndGlobal
